
Microsoft Visual Studio Solution File, Format Version 12.00
# Visual Studio Version 16
VisualStudioVersion = 16.0.31424.327
MinimumVisualStudioVersion = 10.0.40219.1
Project("{FAE04EC0-301F-11D3-BF4B-00C04F79EFBC}") = "Inflearn2", "Inflearn2\Inflearn2.csproj", "{891AADC8-73B3-432C-87FD-9C6EB8B90462}"
EndProject
Global
	GlobalSection(SolutionConfigurationPlatforms) = preSolution
		Debug|Any CPU = Debug|Any CPU
		Release|Any CPU = Release|Any CPU
	EndGlobalSection
	GlobalSection(ProjectConfigurationPlatforms) = postSolution
		{891AADC8-73B3-432C-87FD-9C6EB8B90462}.Debug|Any CPU.ActiveCfg = Debug|Any CPU
		{891AADC8-73B3-432C-87FD-9C6EB8B90462}.Debug|Any CPU.Build.0 = Debug|Any CPU
		{891AADC8-73B3-432C-87FD-9C6EB8B90462}.Release|Any CPU.ActiveCfg = Release|Any CPU
		{891AADC8-73B3-432C-87FD-9C6EB8B90462}.Release|Any CPU.Build.0 = Release|Any CPU
	EndGlobalSection
	GlobalSection(SolutionProperties) = preSolution
		HideSolutionNode = FALSE
	EndGlobalSection
	GlobalSection(ExtensibilityGlobals) = postSolution
		SolutionGuid = {4E9C6587-DD65-421B-A5E4-4C84B8667E92}
	EndGlobalSection
EndGlobal
